// !$*UTF8*$!
{
	archiveVersion = 1;
	classes = {
	};
	objectVersion = 50;
	objects = {

/* Begin PBXBuildFile section */
		7CA3784A20A8EA6900CB4887 /* AppDelegate.swift in Sources */ = {isa = PBXBuildFile; fileRef = 7CA3784920A8EA6900CB4887 /* AppDelegate.swift */; };
		7CA3784C20A8EA6900CB4887 /* DaveSMVC.swift in Sources */ = {isa = PBXBuildFile; fileRef = 7CA3784B20A8EA6900CB4887 /* DaveSMVC.swift */; };
		7CA3784F20A8EA6900CB4887 /* Main.storyboard in Resources */ = {isa = PBXBuildFile; fileRef = 7CA3784D20A8EA6900CB4887 /* Main.storyboard */; };
		7CA3785220A8EA6900CB4887 /* DaveSM.xcdatamodeld in Sources */ = {isa = PBXBuildFile; fileRef = 7CA3785020A8EA6900CB4887 /* DaveSM.xcdatamodeld */; };
		7CA3785420A8EA6B00CB4887 /* Assets.xcassets in Resources */ = {isa = PBXBuildFile; fileRef = 7CA3785320A8EA6B00CB4887 /* Assets.xcassets */; };
		7CA3785720A8EA6B00CB4887 /* LaunchScreen.storyboard in Resources */ = {isa = PBXBuildFile; fileRef = 7CA3785520A8EA6B00CB4887 /* LaunchScreen.storyboard */; };
		7CA3786220A8F69300CB4887 /* SubscriptionCell.swift in Sources */ = {isa = PBXBuildFile; fileRef = 7CA3786120A8F69300CB4887 /* SubscriptionCell.swift */; };
		7CA3786420A8FAC600CB4887 /* MontlhyEx.swift in Sources */ = {isa = PBXBuildFile; fileRef = 7CA3786320A8FAC600CB4887 /* MontlhyEx.swift */; };
		7CA3786720A8FD5800CB4887 /* DataServies.swift in Sources */ = {isa = PBXBuildFile; fileRef = 7CA3786620A8FD5800CB4887 /* DataServies.swift */; };
/* End PBXBuildFile section */

/* Begin PBXFileReference section */
		7CA3784620A8EA6900CB4887 /* DaveSM.app */ = {isa = PBXFileReference; explicitFileType = wrapper.application; includeInIndex = 0; path = DaveSM.app; sourceTree = BUILT_PRODUCTS_DIR; };
		7CA3784920A8EA6900CB4887 /* AppDelegate.swift */ = {isa = PBXFileReference; lastKnownFileType = sourcecode.swift; path = AppDelegate.swift; sourceTree = "<group>"; };
		7CA3784B20A8EA6900CB4887 /* DaveSMVC.swift */ = {isa = PBXFileReference; lastKnownFileType = sourcecode.swift; path = DaveSMVC.swift; sourceTree = "<group>"; };
		7CA3784E20A8EA6900CB4887 /* Base */ = {isa = PBXFileReference; lastKnownFileType = file.storyboard; name = Base; path = Base.lproj/Main.storyboard; sourceTree = "<group>"; };
		7CA3785120A8EA6900CB4887 /* DaveSM.xcdatamodel */ = {isa = PBXFileReference; lastKnownFileType = wrapper.xcdatamodel; path = DaveSM.xcdatamodel; sourceTree = "<group>"; };
		7CA3785320A8EA6B00CB4887 /* Assets.xcassets */ = {isa = PBXFileReference; lastKnownFileType = folder.assetcatalog; path = Assets.xcassets; sourceTree = "<group>"; };
		7CA3785620A8EA6B00CB4887 /* Base */ = {isa = PBXFileReference; lastKnownFileType = file.storyboard; name = Base; path = Base.lproj/LaunchScreen.storyboard; sourceTree = "<group>"; };
		7CA3785820A8EA6B00CB4887 /* Info.plist */ = {isa = PBXFileReference; lastKnownFileType = text.plist.xml; path = Info.plist; sourceTree = "<group>"; };
		7CA3786120A8F69300CB4887 /* SubscriptionCell.swift */ = {isa = PBXFileReference; lastKnownFileType = sourcecode.swift; path = SubscriptionCell.swift; sourceTree = "<group>"; };
		7CA3786320A8FAC600CB4887 /* MontlhyEx.swift */ = {isa = PBXFileReference; lastKnownFileType = sourcecode.swift; path = MontlhyEx.swift; sourceTree = "<group>"; };
		7CA3786620A8FD5800CB4887 /* DataServies.swift */ = {isa = PBXFileReference; lastKnownFileType = sourcecode.swift; path = DataServies.swift; sourceTree = "<group>"; };
/* End PBXFileReference section */

/* Begin PBXFrameworksBuildPhase section */
		7CA3784320A8EA6900CB4887 /* Frameworks */ = {
			isa = PBXFrameworksBuildPhase;
			buildActionMask = 2147483647;
			files = (
			);
			runOnlyForDeploymentPostprocessing = 0;
		};
/* End PBXFrameworksBuildPhase section */

/* Begin PBXGroup section */
		7CA3783D20A8EA6800CB4887 = {
			isa = PBXGroup;
			children = (
				7CA3784820A8EA6900CB4887 /* DaveSM */,
				7CA3784720A8EA6900CB4887 /* Products */,
			);
			sourceTree = "<group>";
		};
		7CA3784720A8EA6900CB4887 /* Products */ = {
			isa = PBXGroup;
			children = (
				7CA3784620A8EA6900CB4887 /* DaveSM.app */,
			);
			name = Products;
			sourceTree = "<group>";
		};
		7CA3784820A8EA6900CB4887 /* DaveSM */ = {
			isa = PBXGroup;
			children = (
				7CA3786520A8FD4600CB4887 /* Services */,
				7CA3786020A8F62800CB4887 /* View */,
				7CA3785F20A8F60300CB4887 /* Controller */,
				7CA3785E20A8F5FE00CB4887 /* Model */,
				7CA3784920A8EA6900CB4887 /* AppDelegate.swift */,
				7CA3784D20A8EA6900CB4887 /* Main.storyboard */,
				7CA3785320A8EA6B00CB4887 /* Assets.xcassets */,
				7CA3785520A8EA6B00CB4887 /* LaunchScreen.storyboard */,
				7CA3785820A8EA6B00CB4887 /* Info.plist */,
				7CA3785020A8EA6900CB4887 /* DaveSM.xcdatamodeld */,
			);
			path = DaveSM;
			sourceTree = "<group>";
		};
		7CA3785E20A8F5FE00CB4887 /* Model */ = {
			isa = PBXGroup;
			children = (
				7CA3786320A8FAC600CB4887 /* MontlhyEx.swift */,
			);
			path = Model;
			sourceTree = "<group>";
		};
		7CA3785F20A8F60300CB4887 /* Controller */ = {
			isa = PBXGroup;
			children = (
				7CA3784B20A8EA6900CB4887 /* DaveSMVC.swift */,
			);
			path = Controller;
			sourceTree = "<group>";
		};
		7CA3786020A8F62800CB4887 /* View */ = {
			isa = PBXGroup;
			children = (
				7CA3786120A8F69300CB4887 /* SubscriptionCell.swift */,
			);
			path = View;
			sourceTree = "<group>";
		};
		7CA3786520A8FD4600CB4887 /* Services */ = {
			isa = PBXGroup;
			children = (
				7CA3786620A8FD5800CB4887 /* DataServies.swift */,
			);
			path = Services;
			sourceTree = "<group>";
		};
/* End PBXGroup section */

/* Begin PBXNativeTarget section */
		7CA3784520A8EA6900CB4887 /* DaveSM */ = {
			isa = PBXNativeTarget;
			buildConfigurationList = 7CA3785B20A8EA6B00CB4887 /* Build configuration list for PBXNativeTarget "DaveSM" */;
			buildPhases = (
				7CA3784220A8EA6900CB4887 /* Sources */,
				7CA3784320A8EA6900CB4887 /* Frameworks */,
				7CA3784420A8EA6900CB4887 /* Resources */,
			);
			buildRules = (
			);
			dependencies = (
			);
			name = DaveSM;
			productName = DaveSM;
			productReference = 7CA3784620A8EA6900CB4887 /* DaveSM.app */;
			productType = "com.apple.product-type.application";
		};
/* End PBXNativeTarget section */

/* Begin PBXProject section */
		7CA3783E20A8EA6900CB4887 /* Project object */ = {
			isa = PBXProject;
			attributes = {
				LastSwiftUpdateCheck = 0930;
				LastUpgradeCheck = 0930;
				ORGANIZATIONNAME = DaveSM;
				TargetAttributes = {
					7CA3784520A8EA6900CB4887 = {
						CreatedOnToolsVersion = 9.3;
					};
				};
			};
			buildConfigurationList = 7CA3784120A8EA6900CB4887 /* Build configuration list for PBXProject "DaveSM" */;
			compatibilityVersion = "Xcode 9.3";
			developmentRegion = en;
			hasScannedForEncodings = 0;
			knownRegions = (
				en,
				Base,
			);
			mainGroup = 7CA3783D20A8EA6800CB4887;
			productRefGroup = 7CA3784720A8EA6900CB4887 /* Products */;
			projectDirPath = "";
			projectRoot = "";
			targets = (
				7CA3784520A8EA6900CB4887 /* DaveSM */,
			);
		};
/* End PBXProject section */

/* Begin PBXResourcesBuildPhase section */
		7CA3784420A8EA6900CB4887 /* Resources */ = {
			isa = PBXResourcesBuildPhase;
			buildActionMask = 2147483647;
			files = (
				7CA3785720A8EA6B00CB4887 /* LaunchScreen.storyboard in Resources */,
				7CA3785420A8EA6B00CB4887 /* Assets.xcassets in Resources */,
				7CA3784F20A8EA6900CB4887 /* Main.storyboard in Resources */,
			);
			runOnlyForDeploymentPostprocessing = 0;
		};
/* End PBXResourcesBuildPhase section */

/* Begin PBXSourcesBuildPhase section */
		7CA3784220A8EA6900CB4887 /* Sources */ = {
			isa = PBXSourcesBuildPhase;
			buildActionMask = 2147483647;
			files = (
				7CA3786420A8FAC600CB4887 /* MontlhyEx.swift in Sources */,
				7CA3786720A8FD5800CB4887 /* DataServies.swift in Sources */,
				7CA3785220A8EA6900CB4887 /* DaveSM.xcdatamodeld in Sources */,
				7CA3784C20A8EA6900CB4887 /* DaveSMVC.swift in Sources */,
				7CA3786220A8F69300CB4887 /* SubscriptionCell.swift in Sources */,
				7CA3784A20A8EA6900CB4887 /* AppDelegate.swift in Sources */,
			);
			runOnlyForDeploymentPostprocessing = 0;
		};
/* End PBXSourcesBuildPhase section */

/* Begin PBXVariantGroup section */
		7CA3784D20A8EA6900CB4887 /* Main.storyboard */ = {
			isa = PBXVariantGroup;
			children = (
				7CA3784E20A8EA6900CB4887 /* Base */,
			);
			name = Main.storyboard;
			sourceTree = "<group>";
		};
		7CA3785520A8EA6B00CB4887 /* LaunchScreen.storyboard */ = {
			isa = PBXVariantGroup;
			children = (
				7CA3785620A8EA6B00CB4887 /* Base */,
			);
			name = LaunchScreen.storyboard;
			sourceTree = "<group>";
		};
/* End PBXVariantGroup section */

/* Begin XCBuildConfiguration section */
		7CA3785920A8EA6B00CB4887 /* Debug */ = {
			isa = XCBuildConfiguration;
			buildSettings = {
				ALWAYS_SEARCH_USER_PATHS = NO;
				CLANG_ANALYZER_NONNULL = YES;
				CLANG_ANALYZER_NUMBER_OBJECT_CONVERSION = YES_AGGRESSIVE;
				CLANG_CXX_LANGUAGE_STANDARD = "gnu++14";
				CLANG_CXX_LIBRARY = "libc++";
				CLANG_ENABLE_MODULES = YES;
				CLANG_ENABLE_OBJC_ARC = YES;
				CLANG_ENABLE_OBJC_WEAK = YES;
				CLANG_WARN_BLOCK_CAPTURE_AUTORELEASING = YES;
				CLANG_WARN_BOOL_CONVERSION = YES;
				CLANG_WARN_COMMA = YES;
				CLANG_WARN_CONSTANT_CONVERSION = YES;
				CLANG_WARN_DEPRECATED_OBJC_IMPLEMENTATIONS = YES;
				CLANG_WARN_DIRECT_OBJC_ISA_USAGE = YES_ERROR;
				CLANG_WARN_DOCUMENTATION_COMMENTS = YES;
				CLANG_WARN_EMPTY_BODY = YES;
				CLANG_WARN_ENUM_CONVERSION = YES;
				CLANG_WARN_INFINITE_RECURSION = YES;
				CLANG_WARN_INT_CONVERSION = YES;
				CLANG_WARN_NON_LITERAL_NULL_CONVERSION = YES;
				CLANG_WARN_OBJC_IMPLICIT_RETAIN_SELF = YES;
				CLANG_WARN_OBJC_LITERAL_CONVERSION = YES;
				CLANG_WARN_OBJC_ROOT_CLASS = YES_ERROR;
				CLANG_WARN_RANGE_LOOP_ANALYSIS = YES;
				CLANG_WARN_STRICT_PROTOTYPES = YES;
				CLANG_WARN_SUSPICIOUS_MOVE = YES;
				CLANG_WARN_UNGUARDED_AVAILABILITY = YES_AGGRESSIVE;
				CLANG_WARN_UNREACHABLE_CODE = YES;
				CLANG_WARN__DUPLICATE_METHOD_MATCH = YES;
				CODE_SIGN_IDENTITY = "iPhone Developer";
				COPY_PHASE_STRIP = NO;
				DEBUG_INFORMATION_FORMAT = dwarf;
				ENABLE_STRICT_OBJC_MSGSEND = YES;
				ENABLE_TESTABILITY = YES;
				GCC_C_LANGUAGE_STANDARD = gnu11;
				GCC_DYNAMIC_NO_PIC = NO;
				GCC_NO_COMMON_BLOCKS = YES;
				GCC_OPTIMIZATION_LEVEL = 0;
				GCC_PREPROCESSOR_DEFINITIONS = (
					"DEBUG=1",
					"$(inherited)",
				);
				GCC_WARN_64_TO_32_BIT_CONVERSION = YES;
				GCC_WARN_ABOUT_RETURN_TYPE = YES_ERROR;
				GCC_WARN_UNDECLARED_SELECTOR = YES;
				GCC_WARN_UNINITIALIZED_AUTOS = YES_AGGRESSIVE;
				GCC_WARN_UNUSED_FUNCTION = YES;
				GCC_WARN_UNUSED_VARIABLE = YES;
				IPHONEOS_DEPLOYMENT_TARGET = 11.3;
				MTL_ENABLE_DEBUG_INFO = YES;
				ONLY_ACTIVE_ARCH = YES;
				SDKROOT = iphoneos;
				SWIFT_ACTIVE_COMPILATION_CONDITIONS = DEBUG;
				SWIFT_OPTIMIZATION_LEVEL = "-Onone";
			};
			name = Debug;
		};
		7CA3785A20A8EA6B00CB4887 /* Release */ = {
			isa = XCBuildConfiguration;
			buildSettings = {
				ALWAYS_SEARCH_USER_PATHS = NO;
				CLANG_ANALYZER_NONNULL = YES;
				CLANG_ANALYZER_NUMBER_OBJECT_CONVERSION = YES_AGGRESSIVE;
				CLANG_CXX_LANGUAGE_STANDARD = "gnu++14";
				CLANG_CXX_LIBRARY = "libc++";
				CLANG_ENABLE_MODULES = YES;
				CLANG_ENABLE_OBJC_ARC = YES;
				CLANG_ENABLE_OBJC_WEAK = YES;
				CLANG_WARN_BLOCK_CAPTURE_AUTORELEASING = YES;
				CLANG_WARN_BOOL_CONVERSION = YES;
				CLANG_WARN_COMMA = YES;
				CLANG_WARN_CONSTANT_CONVERSION = YES;
				CLANG_WARN_DEPRECATED_OBJC_IMPLEMENTATIONS = YES;
				CLANG_WARN_DIRECT_OBJC_ISA_USAGE = YES_ERROR;
				CLANG_WARN_DOCUMENTATION_COMMENTS = YES;
				CLANG_WARN_EMPTY_BODY = YES;
				CLANG_WARN_ENUM_CONVERSION = YES;
				CLANG_WARN_INFINITE_RECURSION = YES;
				CLANG_WARN_INT_CONVERSION = YES;
				CLANG_WARN_NON_LITERAL_NULL_CONVERSION = YES;
				CLANG_WARN_OBJC_IMPLICIT_RETAIN_SELF = YES;
				CLANG_WARN_OBJC_LITERAL_CONVERSION = YES;
				CLANG_WARN_OBJC_ROOT_CLASS = YES_ERROR;
				CLANG_WARN_RANGE_LOOP_ANALYSIS = YES;
				CLANG_WARN_STRICT_PROTOTYPES = YES;
				CLANG_WARN_SUSPICIOUS_MOVE = YES;
				CLANG_WARN_UNGUARDED_AVAILABILITY = YES_AGGRESSIVE;
				CLANG_WARN_UNREACHABLE_CODE = YES;
				CLANG_WARN__DUPLICATE_METHOD_MATCH = YES;
				CODE_SIGN_IDENTITY = "iPhone Developer";
				COPY_PHASE_STRIP = NO;
				DEBUG_INFORMATION_FORMAT = "dwarf-with-dsym";
				ENABLE_NS_ASSERTIONS = NO;
				ENABLE_STRICT_OBJC_MSGSEND = YES;
				GCC_C_LANGUAGE_STANDARD = gnu11;
				GCC_NO_COMMON_BLOCKS = YES;
				GCC_WARN_64_TO_32_BIT_CONVERSION = YES;
				GCC_WARN_ABOUT_RETURN_TYPE = YES_ERROR;
				GCC_WARN_UNDECLARED_SELECTOR = YES;
				GCC_WARN_UNINITIALIZED_AUTOS = YES_AGGRESSIVE;
				GCC_WARN_UNUSED_FUNCTION = YES;
				GCC_WARN_UNUSED_VARIABLE = YES;
				IPHONEOS_DEPLOYMENT_TARGET = 11.3;
				MTL_ENABLE_DEBUG_INFO = NO;
				SDKROOT = iphoneos;
				SWIFT_COMPILATION_MODE = wholemodule;
				SWIFT_OPTIMIZATION_LEVEL = "-O";
				VALIDATE_PRODUCT = YES;
			};
			name = Release;
		};
		7CA3785C20A8EA6B00CB4887 /* Debug */ = {
			isa = XCBuildConfiguration;
			buildSettings = {
				ASSETCATALOG_COMPILER_APPICON_NAME = AppIcon;
				CODE_SIGN_STYLE = Automatic;
				DEVELOPMENT_TEAM = Y83N2SQ3EF;
				INFOPLIST_FILE = DaveSM/Info.plist;
				LD_RUNPATH_SEARCH_PATHS = (
					"$(inherited)",
					"@executable_path/Frameworks",
				);
				PRODUCT_BUNDLE_IDENTIFIER = DaveSM.DaveSM;
				PRODUCT_NAME = "$(TARGET_NAME)";
				SWIFT_VERSION = 4.0;
				TARGETED_DEVICE_FAMILY = "1,2";
			};
			name = Debug;
		};
		7CA3785D20A8EA6B00CB4887 /* Release */ = {
			isa = XCBuildConfiguration;
			buildSettings = {
				ASSETCATALOG_COMPILER_APPICON_NAME = AppIcon;
				CODE_SIGN_STYLE = Automatic;
				DEVELOPMENT_TEAM = Y83N2SQ3EF;
				INFOPLIST_FILE = DaveSM/Info.plist;
				LD_RUNPATH_SEARCH_PATHS = (
					"$(inherited)",
					"@executable_path/Frameworks",
				);
				PRODUCT_BUNDLE_IDENTIFIER = DaveSM.DaveSM;
				PRODUCT_NAME = "$(TARGET_NAME)";
				SWIFT_VERSION = 4.0;
				TARGETED_DEVICE_FAMILY = "1,2";
			};
			name = Release;
		};
/* End XCBuildConfiguration section */

/* Begin XCConfigurationList section */
		7CA3784120A8EA6900CB4887 /* Build configuration list for PBXProject "DaveSM" */ = {
			isa = XCConfigurationList;
			buildConfigurations = (
				7CA3785920A8EA6B00CB4887 /* Debug */,
				7CA3785A20A8EA6B00CB4887 /* Release */,
			);
			defaultConfigurationIsVisible = 0;
			defaultConfigurationName = Release;
		};
		7CA3785B20A8EA6B00CB4887 /* Build configuration list for PBXNativeTarget "DaveSM" */ = {
			isa = XCConfigurationList;
			buildConfigurations = (
				7CA3785C20A8EA6B00CB4887 /* Debug */,
				7CA3785D20A8EA6B00CB4887 /* Release */,
			);
			defaultConfigurationIsVisible = 0;
			defaultConfigurationName = Release;
		};
/* End XCConfigurationList section */

/* Begin XCVersionGroup section */
		7CA3785020A8EA6900CB4887 /* DaveSM.xcdatamodeld */ = {
			isa = XCVersionGroup;
			children = (
				7CA3785120A8EA6900CB4887 /* DaveSM.xcdatamodel */,
			);
			currentVersion = 7CA3785120A8EA6900CB4887 /* DaveSM.xcdatamodel */;
			path = DaveSM.xcdatamodeld;
			sourceTree = "<group>";
			versionGroupType = wrapper.xcdatamodel;
		};
/* End XCVersionGroup section */
	};
	rootObject = 7CA3783E20A8EA6900CB4887 /* Project object */;
}
